
Microsoft Visual Studio Solution File, Format Version 12.00
# Visual Studio Version 17
VisualStudioVersion = 17.3.32825.248
MinimumVisualStudioVersion = 10.0.40219.1
Project("{FAE04EC0-301F-11D3-BF4B-00C04F79EFBC}") = "Money", "Money\Money.csproj", "{585BEC59-4ACF-4DDD-8B49-9F8B81454E71}"
EndProject
Global
	GlobalSection(SolutionConfigurationPlatforms) = preSolution
		Debug|Any CPU = Debug|Any CPU
		Release|Any CPU = Release|Any CPU
	EndGlobalSection
	GlobalSection(ProjectConfigurationPlatforms) = postSolution
		{585BEC59-4ACF-4DDD-8B49-9F8B81454E71}.Debug|Any CPU.ActiveCfg = Debug|Any CPU
		{585BEC59-4ACF-4DDD-8B49-9F8B81454E71}.Debug|Any CPU.Build.0 = Debug|Any CPU
		{585BEC59-4ACF-4DDD-8B49-9F8B81454E71}.Release|Any CPU.ActiveCfg = Release|Any CPU
		{585BEC59-4ACF-4DDD-8B49-9F8B81454E71}.Release|Any CPU.Build.0 = Release|Any CPU
	EndGlobalSection
	GlobalSection(SolutionProperties) = preSolution
		HideSolutionNode = FALSE
	EndGlobalSection
	GlobalSection(ExtensibilityGlobals) = postSolution
		SolutionGuid = {5C0E39B3-3F41-4FCB-9795-D32D929FC5F6}
	EndGlobalSection
EndGlobal
